github.com/go-while/nodare-db/client/clilib v0.0.0-20240612165345-d36114287b8b h1:dwIQTcNFtIkupLUEyxSjVgyAXVBfMlGFPYEf3BRxvqA=
github.com/go-while/nodare-db/client/clilib v0.0.0-20240612165345-d36114287b8b/go.mod h1:er2Ls+HeqMgYDjRTJFmcyJS49xRG/PkqWLU55nngh/A=
github.com/go-while/nodare-db/client/clilib v0.0.0-20240612165643-f140a0b16c16 h1:v0KuUlHhQRfQoNvLWD2TTygMBcaFwXn7NncEDD2m9Kc=
github.com/go-while/nodare-db/client/clilib v0.0.0-20240612165643-f140a0b16c16/go.mod h1:er2Ls+HeqMgYDjRTJFmcyJS49xRG/PkqWLU55nngh/A=
github.com/go-while/nodare-db/client/clilib v0.0.0-20240612165833-842a35173311 h1:7JQikx+Gboje3rlcZr8cR1S+2zNB53inwAAVT92UIpw=
github.com/go-while/nodare-db/client/clilib v0.0.0-20240612165833-842a35173311/go.mod h1:er2Ls+HeqMgYDjRTJFmcyJS49xRG/PkqWLU55nngh/A=
github.com/go-while/nodare-db/client/clilib v0.0.0-20240612170912-9ed8ca991ed2 h1:IvG60wZ5uKQnFwjObF2Q0PpOuiyAn4JDb9zdH7SHY/E=
github.com/go-while/nodare-db/client/clilib v0.0.0-20240612170912-9ed8ca991ed2/go.mod h1:O781zdot6rSZZKfOW4wROuudbm/OGXFf1v83kJR+4v4=
github.com/go-while/nodare-db/client/clilib v0.0.0-20240612171016-37d25a75bb0b h1:QoiL9RZOzPll7r+D5/3A4QPvkBNGydIB1p22xhUZrtg=
github.com/go-while/nodare-db/client/clilib v0.0.0-20240612171016-37d25a75bb0b/go.mod h1:RM0NOBE9KpSDdjFJF+Q50fzq52Nq4XlBru/I06hKjGY=
github.com/go-while/nodare-db/client/clilib v0.0.0-20240612171202-242f2230857c h1:tLw/DsHue0x5WxQA+lMwinMUwgS7MQlwpI7ijf3vvaQ=
github.com/go-while/nodare-db/client/clilib v0.0.0-20240612171202-242f2230857c/go.mod h1:c/phojPpCIA5hgsXNyKMkhX5vu2yIHdPiCvoGX4UmUw=
github.com/go-while/nodare-db/client/clilib v0.0.0-20240612171752-5bdc2e12611f h1:AFS4o37g01EW86KhMeWo/3sqxIUNJPJ9uEv4u+bQcZk=
github.com/go-while/nodare-db/client/clilib v0.0.0-20240612171752-5bdc2e12611f/go.mod h1:u30MYFvKRoPrvsrpWLpfz+aKM/zDa91l3DbyqJz5r88=
github.com/go-while/nodare-db/client/clilib v0.0.0-20240612171935-fa3cb939e0ad h1:0xmil9HzK/HnSIPeJHAN7UKDQLlxjcmOV36ZJHbk2xs=
github.com/go-while/nodare-db/client/clilib v0.0.0-20240612171935-fa3cb939e0ad/go.mod h1:kOr4NCf7IgU9snmzWMG4ibbQM0kPls+XH3U784HBhck=
github.com/go-while/nodare-db/client/clilib v0.0.0-20240612172133-af9fced63c3d h1:BmYzQrTNOiYM5CZUKhDEfMxiIhJcAVaBC12fjfnXMs8=
github.com/go-while/nodare-db/client/clilib v0.0.0-20240612172133-af9fced63c3d/go.mod h1:R6DxJnQ1HVOpF03/aRMusVYiTXYGtmTnUJxKICkiHes=
github.com/go-while/nodare-db/client/clilib v0.0.0-20240612172233-49a1740b92ac h1:VX8q4fA1zd9qlagwOr4CUqZ/Q11aFeD/u3vEn6OUTGk=
github.com/go-while/nodare-db/client/clilib v0.0.0-20240612172233-49a1740b92ac/go.mod h1:FjC9z/rYp7YUP6yPCh31F+SmHVJAF6XgHmYggF8FL+4=
github.com/go-while/nodare-db/client/clilib v0.0.0-20240612172418-cc0c4a4f41ae h1:Bwe+uMgEyVJLefdE1a6xTRRkyZMqRmWC1CmKDTz2sms=
github.com/go-while/nodare-db/client/clilib v0.0.0-20240612172418-cc0c4a4f41ae/go.mod h1:X50EA/4WosmvIWgJilAqqBN3+Yhm+NJZpXAebfvX+qc=
github.com/go-while/nodare-db/client/clilib v0.0.0-20240612172807-d97304fd30d6 h1:MdmlZZAzebnPXMYvo1rBgo2pTKQ1fm+nGbyWWn7/vE0=
github.com/go-while/nodare-db/client/clilib v0.0.0-20240612172807-d97304fd30d6/go.mod h1:iEqn5najCIr3ixZJo/8XUE6oouJt9bYJs79QDJ97Jjo=
github.com/go-while/nodare-db/client/clilib v0.0.0-20240612174734-91db671c5f33 h1:cKJq5Du/yUUvkiCd9EgLi5MgtzfsBUdW+Lgj2NtF9QA=
github.com/go-while/nodare-db/client/clilib v0.0.0-20240612174734-91db671c5f33/go.mod h1:foUOdMy1AzoLWVHzfVehz7gwVI/euqGh/686v5MO8Bk=
github.com/go-while/nodare-db/client/clilib v0.0.0-20240612174940-49feea015dd1 h1:MvhSP4KCTuMq8wyk83EGOZqT12nRljpn6s3+OQAOj5c=
github.com/go-while/nodare-db/client/clilib v0.0.0-20240612174940-49feea015dd1/go.mod h1:+sVqBOoIRjWUOBbgxgusl9gtNwCJZFBxN4UjdrGXCGU=
github.com/go-while/nodare-db/client/clilib v0.0.0-20240612175045-b93c56868096 h1:NR6+k3Nggevsb0bFmz9Pp1rIEvqUvtTeZeLCxKjc2/M=
github.com/go-while/nodare-db/client/clilib v0.0.0-20240612175045-b93c56868096/go.mod h1:vaCDEP2bQozgGJXNvYxiqw5duW4K+BzzkfvDLfZkTa8=
github.com/go-while/nodare-db/client/clilib v0.0.0-20240612175241-cad1b66f513c h1:f78Jv3bh2S++X5oNy7Mx6vlTMW6FI6cB3CEfJTWUik4=
github.com/go-while/nodare-db/client/clilib v0.0.0-20240612175241-cad1b66f513c/go.mod h1:oGpk0Is4EQxVkTSuwJO7hTqMbtyIqg0YfSplr+MU37k=
github.com/go-while/nodare-db/client/clilib v0.0.0-20240612175520-51755e5c5e8a h1:591RgbNlV+9odmnzYsqz4vx1e9RP9SeXsiovPUa23E0=
github.com/go-while/nodare-db/client/clilib v0.0.0-20240612175520-51755e5c5e8a/go.mod h1:Is3dQLdXxADvaNEzq8l5ygftxECdMuWXwq3mR+ytTyQ=
github.com/go-while/nodare-db/client/clilib v0.0.0-20240612175758-19d926dd5de4 h1:yR2+6L1NmmynJgyXNjkbcYZ5bekHxPoj9T09qOg1Q8I=
github.com/go-while/nodare-db/client/clilib v0.0.0-20240612175758-19d926dd5de4/go.mod h1:6oFmYnutcCfEOOLkvVRiNjU+A/dLmlTPth81D9Zj6+M=
github.com/go-while/nodare-db/client/clilib v0.0.0-20240612180137-967929ae1b6e h1:kXhj1KhMUSO5UmV+D2QWzfLvj4Unz1jVVdCdBs7CqO0=
github.com/go-while/nodare-db/client/clilib v0.0.0-20240612180137-967929ae1b6e/go.mod h1:J3qtjgYKVylaUWw03uy1Ak5ZFV9Rt52nGpXwEiM6ovA=
github.com/go-while/nodare-db/client/clilib v0.0.0-20240612180216-09332f69167d h1:ymy1WwowEdZzL4U7CyPhFxbSvCz7lDfitzN3JXPcgVw=
github.com/go-while/nodare-db/client/clilib v0.0.0-20240612180216-09332f69167d/go.mod h1:NdLd6ChEQhW1QazX3UOIOitlJEgwkCs+xP58TBFRyDo=
github.com/go-while/nodare-db/client/clilib v0.0.0-20240612181127-b726075a9f6e h1:1Y8xukp2o6PSACJBz8vL87mmmA3+WddcmAhJp+D7fyM=
github.com/go-while/nodare-db/client/clilib v0.0.0-20240612181127-b726075a9f6e/go.mod h1:NoLJMaZ93RON2m673nw5SZkXryJjja7/oERYShMJ+L8=
github.com/go-while/nodare-db/client/clilib v0.0.0-20240612181343-5f58a66dac43 h1:fphaO1mUZcRdWx/imo7fwCQepRm1Os4rSnRANjEl1w8=
github.com/go-while/nodare-db/client/clilib v0.0.0-20240612181343-5f58a66dac43/go.mod h1:7fQUL+uYIkiL4dS0qPW1wmqU7T/2kO5S+Ka9uWYnA3s=
github.com/go-while/nodare-db/client/clilib v0.0.0-20240612181701-7c62d99ef832 h1:pY2ZVDXzpiTX6mwirkOvRHr5m25Oxg4c4GQLJ2RFsHY=
github.com/go-while/nodare-db/client/clilib v0.0.0-20240612181701-7c62d99ef832/go.mod h1:8xvVqQakpk/F35IHec05jJWLxZfWwVDLEd9/wFJ5x4w=
github.com/go-while/nodare-db/client/clilib v0.0.0-20240612182119-0b82f01f15da h1:EgfJNwzP9+KndWlVu0zAxOn2p4eVDhfSUXTDohzocmM=
github.com/go-while/nodare-db/client/clilib v0.0.0-20240612182119-0b82f01f15da/go.mod h1:2OEg5nJraFH+Y1xIUKENK+vOhrlnNKv5z7QB/0y+D1Q=
github.com/go-while/nodare-db/client/clilib v0.0.0-20240612182351-be3fe3cce69c h1:HeBzum7xhqUa2DwnCxDef501G8V0hcL7z/ZRnvlrtmc=
github.com/go-while/nodare-db/client/clilib v0.0.0-20240612182351-be3fe3cce69c/go.mod h1:HjW4Xkb0Sgs4RlgMTz6QYG8sQy4Qf6L0tSQ0uvqJCNM=
github.com/go-while/nodare-db/client/clilib v0.0.0-20240612182604-47105a3bf8bd h1:iwIcHAcIQJ/+J1B9HlO/v5h5iiLCELbZD3jTGTqMj38=
github.com/go-while/nodare-db/client/clilib v0.0.0-20240612182604-47105a3bf8bd/go.mod h1:YSS8tfUmvdHkepo3HcXWQDvgtuLD8tnVMuctzAb+O2c=
github.com/go-while/nodare-db/client/clilib v0.0.0-20240612182731-4a39bbe041c2 h1:uksxRpBg0fyPuylqxVUrNxq/P7yiLul7GMPnrTk79og=
github.com/go-while/nodare-db/client/clilib v0.0.0-20240612182731-4a39bbe041c2/go.mod h1:y5y8Q7bah5jcFOzxs9I+Jnn9iWu5NfgAli5jYGcpGUw=
github.com/go-while/nodare-db/client/clilib v0.0.0-20240612182832-3cca9be0b936 h1:0WAAHY+DQvTgoQinV+OLxtPMp6jo4bFaxgdGO4nit28=
github.com/go-while/nodare-db/client/clilib v0.0.0-20240612182832-3cca9be0b936/go.mod h1:FQ9yic2lWyiK1yq5w8JSsdz1nOU9O2aGChVzjFTGluA=
github.com/go-while/nodare-db/client/clilib v0.0.0-20240612182951-c5ebd55c041b h1:AYjuVSTya+ev//v+yKcCaSJw+ca7vomPz6MabABtago=
github.com/go-while/nodare-db/client/clilib v0.0.0-20240612182951-c5ebd55c041b/go.mod h1:xL95MOvhJMx9HB9dKDMJE/kOFmoWt8ifFlgXuyZ51cM=
github.com/go-while/nodare-db/client/clilib v0.0.0-20240612184026-0b4af0596ce8 h1:aAwWTGg/iNvZPcwCTP2zhYxpNLFCTVZpAimZx5PGulc=
github.com/go-while/nodare-db/client/clilib v0.0.0-20240612184026-0b4af0596ce8/go.mod h1:NC9/U0sCNR/u9w1yY4jm8PD8Q7fbTkv23lxU2ELODJ8=
github.com/go-while/nodare-db/client/clilib v0.0.0-20240612184109-4ae2475aba0c h1:i/MiEyxRZikJBWDwagKF8mQK5D8ZJNo4Iyfh5Z+a51A=
github.com/go-while/nodare-db/client/clilib v0.0.0-20240612184109-4ae2475aba0c/go.mod h1:11JNC9vky+VkqqThbhIslUqgigT+L7eZ00Wbkjrgy8k=
github.com/go-while/nodare-db/client/clilib v0.0.0-20240612184221-df299ba5d06d h1:qFdnKcm+NW+LB3SGLJi4SNZZYhxh1Fyhf/LbX8LOqKs=
github.com/go-while/nodare-db/client/clilib v0.0.0-20240612184221-df299ba5d06d/go.mod h1:QEELFw5Hb90hXM0RJsk8Qfvn3cfg4JwEsrZD/UZU4fA=
github.com/go-while/nodare-db/client/clilib v0.0.0-20240612184428-2bca2cda8dca h1:foeikJoObZoyrhAVC4mEpnVkXyk3no8NqEiDYg834KE=
github.com/go-while/nodare-db/client/clilib v0.0.0-20240612184428-2bca2cda8dca/go.mod h1:2KXcjsi9jJe93l4NBZZgLqtnUV8LqZBaLT20y9/1lNk=
github.com/go-while/nodare-db/client/clilib v0.0.0-20240612190007-3238b5f36f00 h1:kwfu+yimVqsh4keqlBe3u5qSK06B9vBkif7w5Xv9ZLs=
github.com/go-while/nodare-db/client/clilib v0.0.0-20240612190007-3238b5f36f00/go.mod h1:WYH6ve6Re24sEubfeRNpl1rbZRNscClpa/fxeUZgRCM=
github.com/go-while/nodare-db/client/clilib v0.0.0-20240612190218-2e265513abf5 h1:NZfkkIe7UnFXqLdPxnRKXDBDDRpVK/XsaAgsFM6Je+M=
github.com/go-while/nodare-db/client/clilib v0.0.0-20240612190218-2e265513abf5/go.mod h1:A/IWO2vGwUKc2Z4rnNwd1Vj5IprL3RJL4vDxHtaoUlY=
github.com/go-while/nodare-db/client/clilib v0.0.0-20240612191213-567111642961 h1:7Fywl7HIFlRlKQnMqPBikhb3zb9ahnd+RAG+faoyek8=
github.com/go-while/nodare-db/client/clilib v0.0.0-20240612191213-567111642961/go.mod h1:/6j2HtRMt/Cvqdezpt6oW8OwaMkRCFn1kFe//I2KY5I=
github.com/go-while/nodare-db/client/clilib v0.0.0-20240612191356-169d79ad4ea5 h1:afqs7xIE4hq2N9GXoMTehcMZ0En+xAlCItSLSnQRwMA=
github.com/go-while/nodare-db/client/clilib v0.0.0-20240612191356-169d79ad4ea5/go.mod h1:/6j2HtRMt/Cvqdezpt6oW8OwaMkRCFn1kFe//I2KY5I=
github.com/go-while/nodare-db/client/clilib v0.0.0-20240612192702-08a87a9053ac h1:6KZLFeNIHBvvKFw5AGWE0lilUu7GswgHFhpIPHbUEfc=
github.com/go-while/nodare-db/client/clilib v0.0.0-20240612192702-08a87a9053ac/go.mod h1:Yr9z59PvJzj/tRSWL3+hPsGgPqUZmW4JWrAaNGROs9U=
github.com/go-while/nodare-db/client/clilib v0.0.0-20240612192735-0c17a2e5b931 h1:cYxzuri7POW8iZfEoDfP86dm5QAXMe02vW8EyU+bBnk=
github.com/go-while/nodare-db/client/clilib v0.0.0-20240612192735-0c17a2e5b931/go.mod h1:f59TNBXEZy865ZYB9LW+t8ZX0BDrwuuJor223SWlcUI=
github.com/go-while/nodare-db/client/clilib v0.0.0-20240612201230-44fbbd523cbd h1:4ECOy5lAQpPltJKNeG30YGEzIJRMs4RSip0LPjoTRrY=
github.com/go-while/nodare-db/client/clilib v0.0.0-20240612201230-44fbbd523cbd/go.mod h1:7b1TKRBuccN5SXSM1ZMIWC9gMqj6E7UZLhXHIy/LhYQ=
github.com/go-while/nodare-db/logger v0.0.0-20240612165319-5338b1d6fff8 h1:CEpkSBhoLpB5CrJ/5b+R6vKMKT5UiouZssdqCds3JNA=
github.com/go-while/nodare-db/logger v0.0.0-20240612165319-5338b1d6fff8/go.mod h1:aTHbvtZhjVN1B4NYc2BTrnzWnS5G1V8wkI92QafBGBs=
github.com/go-while/nodare-db/logger v0.0.0-20240612165643-f140a0b16c16 h1:mRW+y2uxnUR0JCIYrMQHx/qgZTYan6jZv2WZYy1IrlE=
github.com/go-while/nodare-db/logger v0.0.0-20240612165643-f140a0b16c16/go.mod h1:aTHbvtZhjVN1B4NYc2BTrnzWnS5G1V8wkI92QafBGBs=
github.com/go-while/nodare-db/logger v0.0.0-20240612165833-842a35173311 h1:a27WMGJYMmInPJHwRo91ESNPqoLsprR3skGG66/wzAc=
github.com/go-while/nodare-db/logger v0.0.0-20240612165833-842a35173311/go.mod h1:aTHbvtZhjVN1B4NYc2BTrnzWnS5G1V8wkI92QafBGBs=
github.com/go-while/nodare-db/logger v0.0.0-20240612170912-9ed8ca991ed2 h1:LYIOI4sBbvmjxBRQ0DOtW3cxa0vIGP7UOINmXZa3JEc=
github.com/go-while/nodare-db/logger v0.0.0-20240612170912-9ed8ca991ed2/go.mod h1:aTHbvtZhjVN1B4NYc2BTrnzWnS5G1V8wkI92QafBGBs=
github.com/go-while/nodare-db/logger v0.0.0-20240612171016-37d25a75bb0b h1:mSEQKlPewz0wPmoX6+6zsKsJ4o/Uvh0c1BextAPpvI0=
github.com/go-while/nodare-db/logger v0.0.0-20240612171016-37d25a75bb0b/go.mod h1:aTHbvtZhjVN1B4NYc2BTrnzWnS5G1V8wkI92QafBGBs=
github.com/go-while/nodare-db/logger v0.0.0-20240612171202-242f2230857c h1:mnVfqDo7ZYPIC4cGezXgo/5uFZZgAG8QFKK0dufL5Bw=
github.com/go-while/nodare-db/logger v0.0.0-20240612171202-242f2230857c/go.mod h1:aTHbvtZhjVN1B4NYc2BTrnzWnS5G1V8wkI92QafBGBs=
github.com/go-while/nodare-db/logger v0.0.0-20240612171752-5bdc2e12611f h1:Vr1zJmMXy/ekwDK5dx7ynk6kqD5eoF+D6R1VA48bn6E=
github.com/go-while/nodare-db/logger v0.0.0-20240612171752-5bdc2e12611f/go.mod h1:aTHbvtZhjVN1B4NYc2BTrnzWnS5G1V8wkI92QafBGBs=
github.com/go-while/nodare-db/logger v0.0.0-20240612171935-fa3cb939e0ad h1:8o/wFr+LBhbWRdJH92TTa1maWG3QatKUZz9WDYdtW5Q=
github.com/go-while/nodare-db/logger v0.0.0-20240612171935-fa3cb939e0ad/go.mod h1:aTHbvtZhjVN1B4NYc2BTrnzWnS5G1V8wkI92QafBGBs=
github.com/go-while/nodare-db/logger v0.0.0-20240612172133-af9fced63c3d h1:eDvU31sKiJptolzcyffEPIm1ISgw3YyFXk7hq+2Iv1Y=
github.com/go-while/nodare-db/logger v0.0.0-20240612172133-af9fced63c3d/go.mod h1:aTHbvtZhjVN1B4NYc2BTrnzWnS5G1V8wkI92QafBGBs=
github.com/go-while/nodare-db/logger v0.0.0-20240612172233-49a1740b92ac h1:c8mUreDVvcl9qH3a9i3l2qWUHRLMEy99XnGh7tZPB04=
github.com/go-while/nodare-db/logger v0.0.0-20240612172233-49a1740b92ac/go.mod h1:aTHbvtZhjVN1B4NYc2BTrnzWnS5G1V8wkI92QafBGBs=
github.com/go-while/nodare-db/logger v0.0.0-20240612172418-cc0c4a4f41ae h1:PtehujO4CRWnDafbv0yWIC0fhFm9ZLofQr+/ovDED/A=
github.com/go-while/nodare-db/logger v0.0.0-20240612172418-cc0c4a4f41ae/go.mod h1:aTHbvtZhjVN1B4NYc2BTrnzWnS5G1V8wkI92QafBGBs=
github.com/go-while/nodare-db/logger v0.0.0-20240612172807-d97304fd30d6 h1:hyYVCvKjxNmDvRp2GU40uDLEzvZiO6TLTPQNejDGoMA=
github.com/go-while/nodare-db/logger v0.0.0-20240612172807-d97304fd30d6/go.mod h1:aTHbvtZhjVN1B4NYc2BTrnzWnS5G1V8wkI92QafBGBs=
github.com/go-while/nodare-db/logger v0.0.0-20240612174734-91db671c5f33 h1:/zyn0LhRSUtpt3He3E33d9jYBrmJEwVMVYPOUDsvuhU=
github.com/go-while/nodare-db/logger v0.0.0-20240612174734-91db671c5f33/go.mod h1:aTHbvtZhjVN1B4NYc2BTrnzWnS5G1V8wkI92QafBGBs=
github.com/go-while/nodare-db/logger v0.0.0-20240612174940-49feea015dd1 h1:eCRu1BBhgGdn0wPmSY33hCc+DShTVlk7dlROpevIWeY=
github.com/go-while/nodare-db/logger v0.0.0-20240612174940-49feea015dd1/go.mod h1:aTHbvtZhjVN1B4NYc2BTrnzWnS5G1V8wkI92QafBGBs=
github.com/go-while/nodare-db/logger v0.0.0-20240612175045-b93c56868096 h1:6NwdycKqnTV5DC1aNYL7eHw6aZCrwcRLm+/gSlWN/+4=
github.com/go-while/nodare-db/logger v0.0.0-20240612175045-b93c56868096/go.mod h1:aTHbvtZhjVN1B4NYc2BTrnzWnS5G1V8wkI92QafBGBs=
github.com/go-while/nodare-db/logger v0.0.0-20240612175241-cad1b66f513c h1:H5EYJqxaRLzbYWX5m7+1GLX1P7CH647ujUvsVTIWrKw=
github.com/go-while/nodare-db/logger v0.0.0-20240612175241-cad1b66f513c/go.mod h1:aTHbvtZhjVN1B4NYc2BTrnzWnS5G1V8wkI92QafBGBs=
github.com/go-while/nodare-db/logger v0.0.0-20240612175520-51755e5c5e8a h1:mBC+kOxQJKPAjaNhqhJPWRqiP63lDGvChgOuhWbzlhE=
github.com/go-while/nodare-db/logger v0.0.0-20240612175520-51755e5c5e8a/go.mod h1:aTHbvtZhjVN1B4NYc2BTrnzWnS5G1V8wkI92QafBGBs=
github.com/go-while/nodare-db/logger v0.0.0-20240612175758-19d926dd5de4 h1:It1buaxmCUQdZTu8Ctit9N8deX7FEyp6zBTf+EZDuh4=
github.com/go-while/nodare-db/logger v0.0.0-20240612175758-19d926dd5de4/go.mod h1:aTHbvtZhjVN1B4NYc2BTrnzWnS5G1V8wkI92QafBGBs=
github.com/go-while/nodare-db/logger v0.0.0-20240612180137-967929ae1b6e h1:1LkR/P2OLzhBGZ5jtQmwP+2tTTX2k4L/BiKFKFBZ6OU=
github.com/go-while/nodare-db/logger v0.0.0-20240612180137-967929ae1b6e/go.mod h1:aTHbvtZhjVN1B4NYc2BTrnzWnS5G1V8wkI92QafBGBs=
github.com/go-while/nodare-db/logger v0.0.0-20240612180216-09332f69167d h1:uP3+bJXlkb4JZUzreXDMtEZvAelJK+KeRp73zoi21I8=
github.com/go-while/nodare-db/logger v0.0.0-20240612180216-09332f69167d/go.mod h1:aTHbvtZhjVN1B4NYc2BTrnzWnS5G1V8wkI92QafBGBs=
github.com/go-while/nodare-db/logger v0.0.0-20240612181127-b726075a9f6e h1:7UKPalcGl678uyllh8mXOT/9Gs3ZkFW6R3vPF1bYC30=
github.com/go-while/nodare-db/logger v0.0.0-20240612181127-b726075a9f6e/go.mod h1:aTHbvtZhjVN1B4NYc2BTrnzWnS5G1V8wkI92QafBGBs=
github.com/go-while/nodare-db/logger v0.0.0-20240612181343-5f58a66dac43 h1:NhopuiP24nBe8zSbelr3iq6wJkPsrBOU3CNu7kaNkWc=
github.com/go-while/nodare-db/logger v0.0.0-20240612181343-5f58a66dac43/go.mod h1:aTHbvtZhjVN1B4NYc2BTrnzWnS5G1V8wkI92QafBGBs=
github.com/go-while/nodare-db/logger v0.0.0-20240612181701-7c62d99ef832 h1:GL/jXl9hiec2JGAUBye5Ftns8/xFXlpURE2OaI9fXTk=
github.com/go-while/nodare-db/logger v0.0.0-20240612181701-7c62d99ef832/go.mod h1:aTHbvtZhjVN1B4NYc2BTrnzWnS5G1V8wkI92QafBGBs=
github.com/go-while/nodare-db/logger v0.0.0-20240612182119-0b82f01f15da h1:2sg8vGrEukTDWUP69RU8JqrahDUNesM++KcyGMkftLg=
github.com/go-while/nodare-db/logger v0.0.0-20240612182119-0b82f01f15da/go.mod h1:aTHbvtZhjVN1B4NYc2BTrnzWnS5G1V8wkI92QafBGBs=
github.com/go-while/nodare-db/logger v0.0.0-20240612182351-be3fe3cce69c h1:Evn1vPNQCp9a+/pnAuDzv9mkTSUuCn8rlt5eoiUZaE8=
github.com/go-while/nodare-db/logger v0.0.0-20240612182351-be3fe3cce69c/go.mod h1:aTHbvtZhjVN1B4NYc2BTrnzWnS5G1V8wkI92QafBGBs=
github.com/go-while/nodare-db/logger v0.0.0-20240612182604-47105a3bf8bd h1:mShbSp4I5sAGGuSHacoIXSSwb6BUB0Esn9d41Ii8uzg=
github.com/go-while/nodare-db/logger v0.0.0-20240612182604-47105a3bf8bd/go.mod h1:aTHbvtZhjVN1B4NYc2BTrnzWnS5G1V8wkI92QafBGBs=
github.com/go-while/nodare-db/logger v0.0.0-20240612182731-4a39bbe041c2 h1:lM6QhSnD5MSB37Z8FY2Wc1E0dulJytRYh0gqM/5Incc=
github.com/go-while/nodare-db/logger v0.0.0-20240612182731-4a39bbe041c2/go.mod h1:aTHbvtZhjVN1B4NYc2BTrnzWnS5G1V8wkI92QafBGBs=
github.com/go-while/nodare-db/logger v0.0.0-20240612182832-3cca9be0b936 h1:pnDl+yfXtvSXbNID+M0SJ4MKe9sizmug2ABy98xWrSg=
github.com/go-while/nodare-db/logger v0.0.0-20240612182832-3cca9be0b936/go.mod h1:aTHbvtZhjVN1B4NYc2BTrnzWnS5G1V8wkI92QafBGBs=
github.com/go-while/nodare-db/logger v0.0.0-20240612182951-c5ebd55c041b h1:J8LN9L4KjSInz+1FsE5LPpwD/IEv+PSG5Mz2dSiIywY=
github.com/go-while/nodare-db/logger v0.0.0-20240612182951-c5ebd55c041b/go.mod h1:aTHbvtZhjVN1B4NYc2BTrnzWnS5G1V8wkI92QafBGBs=
github.com/go-while/nodare-db/logger v0.0.0-20240612184026-0b4af0596ce8 h1:09u0dPaJRMUIrvMgJkc3u8xyj5N0kiuzpeKZi7j6C0g=
github.com/go-while/nodare-db/logger v0.0.0-20240612184026-0b4af0596ce8/go.mod h1:aTHbvtZhjVN1B4NYc2BTrnzWnS5G1V8wkI92QafBGBs=
github.com/go-while/nodare-db/logger v0.0.0-20240612184109-4ae2475aba0c h1:LVRQjifLookJU2XAhw5/AJVRXeM6FxwBt8rajTcOPd4=
github.com/go-while/nodare-db/logger v0.0.0-20240612184109-4ae2475aba0c/go.mod h1:aTHbvtZhjVN1B4NYc2BTrnzWnS5G1V8wkI92QafBGBs=
github.com/go-while/nodare-db/logger v0.0.0-20240612184221-df299ba5d06d h1:ekTX4w8lCgz2yqWpbAFNzDhdH1Qu3Hid4++Im0jKjcc=
github.com/go-while/nodare-db/logger v0.0.0-20240612184221-df299ba5d06d/go.mod h1:aTHbvtZhjVN1B4NYc2BTrnzWnS5G1V8wkI92QafBGBs=
github.com/go-while/nodare-db/logger v0.0.0-20240612184428-2bca2cda8dca h1:pudCy3P2CT4G9A7ofbVah8P0Gc23nud+2kRmit440tg=
github.com/go-while/nodare-db/logger v0.0.0-20240612184428-2bca2cda8dca/go.mod h1:aTHbvtZhjVN1B4NYc2BTrnzWnS5G1V8wkI92QafBGBs=
github.com/go-while/nodare-db/logger v0.0.0-20240612190007-3238b5f36f00 h1:K5A2y3xr2lEQD50zJX2kEb5HLX0xlV0bKAaXqVXXN+c=
github.com/go-while/nodare-db/logger v0.0.0-20240612190007-3238b5f36f00/go.mod h1:aTHbvtZhjVN1B4NYc2BTrnzWnS5G1V8wkI92QafBGBs=
github.com/go-while/nodare-db/logger v0.0.0-20240612190218-2e265513abf5 h1:gcRxpIJ5ef5EJjTenRZXUgWQCDw0xIHXYR56rRtZlkA=
github.com/go-while/nodare-db/logger v0.0.0-20240612190218-2e265513abf5/go.mod h1:aTHbvtZhjVN1B4NYc2BTrnzWnS5G1V8wkI92QafBGBs=
github.com/go-while/nodare-db/logger v0.0.0-20240612191213-567111642961 h1:wVpUH1M5fatbbn7IlHBDCsOOmZIGdsrxsSM6h2EXNJc=
github.com/go-while/nodare-db/logger v0.0.0-20240612191213-567111642961/go.mod h1:aTHbvtZhjVN1B4NYc2BTrnzWnS5G1V8wkI92QafBGBs=
github.com/go-while/nodare-db/logger v0.0.0-20240612191356-169d79ad4ea5 h1:gNAXcvboN1Ib9js+6fvJOYGueHdNRcnIC9G4sHYQHmk=
github.com/go-while/nodare-db/logger v0.0.0-20240612191356-169d79ad4ea5/go.mod h1:aTHbvtZhjVN1B4NYc2BTrnzWnS5G1V8wkI92QafBGBs=
github.com/go-while/nodare-db/logger v0.0.0-20240612192702-08a87a9053ac h1:0c+i4SEM7vFgb59GN9ffLGDiVmQcFzahvwnd2TMHWkk=
github.com/go-while/nodare-db/logger v0.0.0-20240612192702-08a87a9053ac/go.mod h1:aTHbvtZhjVN1B4NYc2BTrnzWnS5G1V8wkI92QafBGBs=
github.com/go-while/nodare-db/logger v0.0.0-20240612192735-0c17a2e5b931 h1:H+LBI4cuI2ilhuVLlowv3AUJ5G2ECh2iO93ubrAc+Fk=
github.com/go-while/nodare-db/logger v0.0.0-20240612192735-0c17a2e5b931/go.mod h1:aTHbvtZhjVN1B4NYc2BTrnzWnS5G1V8wkI92QafBGBs=
github.com/go-while/nodare-db/logger v0.0.0-20240612201230-44fbbd523cbd h1:CbOWU9MdsVEcPzjpz5pSaimFnjto59ZXJYAfKsVTWSA=
github.com/go-while/nodare-db/logger v0.0.0-20240612201230-44fbbd523cbd/go.mod h1:aTHbvtZhjVN1B4NYc2BTrnzWnS5G1V8wkI92QafBGBs=
