github.com/go-while/nodare-db/logger v0.0.0-20240612165319-5338b1d6fff8 h1:CEpkSBhoLpB5CrJ/5b+R6vKMKT5UiouZssdqCds3JNA=
github.com/go-while/nodare-db/logger v0.0.0-20240612165319-5338b1d6fff8/go.mod h1:aTHbvtZhjVN1B4NYc2BTrnzWnS5G1V8wkI92QafBGBs=
github.com/go-while/nodare-db/logger v0.0.0-20240612170649-3340e28c4198 h1:ZnTvPEZj82Y16cGwJHmt4JZUROAPjhbZryQUopiwiQ0=
github.com/go-while/nodare-db/logger v0.0.0-20240612170649-3340e28c4198/go.mod h1:aTHbvtZhjVN1B4NYc2BTrnzWnS5G1V8wkI92QafBGBs=
github.com/go-while/nodare-db/logger v0.0.0-20240612170912-9ed8ca991ed2 h1:LYIOI4sBbvmjxBRQ0DOtW3cxa0vIGP7UOINmXZa3JEc=
github.com/go-while/nodare-db/logger v0.0.0-20240612170912-9ed8ca991ed2/go.mod h1:aTHbvtZhjVN1B4NYc2BTrnzWnS5G1V8wkI92QafBGBs=
github.com/go-while/nodare-db/logger v0.0.0-20240612171016-37d25a75bb0b h1:mSEQKlPewz0wPmoX6+6zsKsJ4o/Uvh0c1BextAPpvI0=
github.com/go-while/nodare-db/logger v0.0.0-20240612171016-37d25a75bb0b/go.mod h1:aTHbvtZhjVN1B4NYc2BTrnzWnS5G1V8wkI92QafBGBs=
github.com/go-while/nodare-db/logger v0.0.0-20240612171202-242f2230857c h1:mnVfqDo7ZYPIC4cGezXgo/5uFZZgAG8QFKK0dufL5Bw=
github.com/go-while/nodare-db/logger v0.0.0-20240612171202-242f2230857c/go.mod h1:aTHbvtZhjVN1B4NYc2BTrnzWnS5G1V8wkI92QafBGBs=
github.com/go-while/nodare-db/logger v0.0.0-20240612171752-5bdc2e12611f h1:Vr1zJmMXy/ekwDK5dx7ynk6kqD5eoF+D6R1VA48bn6E=
github.com/go-while/nodare-db/logger v0.0.0-20240612171752-5bdc2e12611f/go.mod h1:aTHbvtZhjVN1B4NYc2BTrnzWnS5G1V8wkI92QafBGBs=
github.com/go-while/nodare-db/logger v0.0.0-20240612171831-db55b18d8aa3 h1:qJO1jl+ww1xkPSvDI9r0+YOP1wZfCVU5HsIGx/ADmbQ=
github.com/go-while/nodare-db/logger v0.0.0-20240612171831-db55b18d8aa3/go.mod h1:aTHbvtZhjVN1B4NYc2BTrnzWnS5G1V8wkI92QafBGBs=
github.com/go-while/nodare-db/logger v0.0.0-20240612171935-fa3cb939e0ad h1:8o/wFr+LBhbWRdJH92TTa1maWG3QatKUZz9WDYdtW5Q=
github.com/go-while/nodare-db/logger v0.0.0-20240612171935-fa3cb939e0ad/go.mod h1:aTHbvtZhjVN1B4NYc2BTrnzWnS5G1V8wkI92QafBGBs=
github.com/go-while/nodare-db/logger v0.0.0-20240612172133-af9fced63c3d h1:eDvU31sKiJptolzcyffEPIm1ISgw3YyFXk7hq+2Iv1Y=
github.com/go-while/nodare-db/logger v0.0.0-20240612172133-af9fced63c3d/go.mod h1:aTHbvtZhjVN1B4NYc2BTrnzWnS5G1V8wkI92QafBGBs=
github.com/go-while/nodare-db/logger v0.0.0-20240612172233-49a1740b92ac h1:c8mUreDVvcl9qH3a9i3l2qWUHRLMEy99XnGh7tZPB04=
github.com/go-while/nodare-db/logger v0.0.0-20240612172233-49a1740b92ac/go.mod h1:aTHbvtZhjVN1B4NYc2BTrnzWnS5G1V8wkI92QafBGBs=
github.com/go-while/nodare-db/logger v0.0.0-20240612172418-cc0c4a4f41ae h1:PtehujO4CRWnDafbv0yWIC0fhFm9ZLofQr+/ovDED/A=
github.com/go-while/nodare-db/logger v0.0.0-20240612172418-cc0c4a4f41ae/go.mod h1:aTHbvtZhjVN1B4NYc2BTrnzWnS5G1V8wkI92QafBGBs=
github.com/go-while/nodare-db/logger v0.0.0-20240612172807-d97304fd30d6 h1:hyYVCvKjxNmDvRp2GU40uDLEzvZiO6TLTPQNejDGoMA=
github.com/go-while/nodare-db/logger v0.0.0-20240612172807-d97304fd30d6/go.mod h1:aTHbvtZhjVN1B4NYc2BTrnzWnS5G1V8wkI92QafBGBs=
github.com/go-while/nodare-db/logger v0.0.0-20240612174734-91db671c5f33 h1:/zyn0LhRSUtpt3He3E33d9jYBrmJEwVMVYPOUDsvuhU=
github.com/go-while/nodare-db/logger v0.0.0-20240612174734-91db671c5f33/go.mod h1:aTHbvtZhjVN1B4NYc2BTrnzWnS5G1V8wkI92QafBGBs=
github.com/go-while/nodare-db/logger v0.0.0-20240612174940-49feea015dd1 h1:eCRu1BBhgGdn0wPmSY33hCc+DShTVlk7dlROpevIWeY=
github.com/go-while/nodare-db/logger v0.0.0-20240612174940-49feea015dd1/go.mod h1:aTHbvtZhjVN1B4NYc2BTrnzWnS5G1V8wkI92QafBGBs=
github.com/go-while/nodare-db/logger v0.0.0-20240612175045-b93c56868096 h1:6NwdycKqnTV5DC1aNYL7eHw6aZCrwcRLm+/gSlWN/+4=
github.com/go-while/nodare-db/logger v0.0.0-20240612175045-b93c56868096/go.mod h1:aTHbvtZhjVN1B4NYc2BTrnzWnS5G1V8wkI92QafBGBs=
github.com/go-while/nodare-db/logger v0.0.0-20240612175241-cad1b66f513c h1:H5EYJqxaRLzbYWX5m7+1GLX1P7CH647ujUvsVTIWrKw=
github.com/go-while/nodare-db/logger v0.0.0-20240612175241-cad1b66f513c/go.mod h1:aTHbvtZhjVN1B4NYc2BTrnzWnS5G1V8wkI92QafBGBs=
github.com/go-while/nodare-db/logger v0.0.0-20240612175520-51755e5c5e8a h1:mBC+kOxQJKPAjaNhqhJPWRqiP63lDGvChgOuhWbzlhE=
github.com/go-while/nodare-db/logger v0.0.0-20240612175520-51755e5c5e8a/go.mod h1:aTHbvtZhjVN1B4NYc2BTrnzWnS5G1V8wkI92QafBGBs=
github.com/go-while/nodare-db/logger v0.0.0-20240612175758-19d926dd5de4 h1:It1buaxmCUQdZTu8Ctit9N8deX7FEyp6zBTf+EZDuh4=
github.com/go-while/nodare-db/logger v0.0.0-20240612175758-19d926dd5de4/go.mod h1:aTHbvtZhjVN1B4NYc2BTrnzWnS5G1V8wkI92QafBGBs=
github.com/go-while/nodare-db/logger v0.0.0-20240612180137-967929ae1b6e h1:1LkR/P2OLzhBGZ5jtQmwP+2tTTX2k4L/BiKFKFBZ6OU=
github.com/go-while/nodare-db/logger v0.0.0-20240612180137-967929ae1b6e/go.mod h1:aTHbvtZhjVN1B4NYc2BTrnzWnS5G1V8wkI92QafBGBs=
github.com/go-while/nodare-db/logger v0.0.0-20240612180216-09332f69167d h1:uP3+bJXlkb4JZUzreXDMtEZvAelJK+KeRp73zoi21I8=
github.com/go-while/nodare-db/logger v0.0.0-20240612180216-09332f69167d/go.mod h1:aTHbvtZhjVN1B4NYc2BTrnzWnS5G1V8wkI92QafBGBs=
github.com/go-while/nodare-db/logger v0.0.0-20240612181127-b726075a9f6e h1:7UKPalcGl678uyllh8mXOT/9Gs3ZkFW6R3vPF1bYC30=
github.com/go-while/nodare-db/logger v0.0.0-20240612181127-b726075a9f6e/go.mod h1:aTHbvtZhjVN1B4NYc2BTrnzWnS5G1V8wkI92QafBGBs=
github.com/go-while/nodare-db/logger v0.0.0-20240612181343-5f58a66dac43 h1:NhopuiP24nBe8zSbelr3iq6wJkPsrBOU3CNu7kaNkWc=
github.com/go-while/nodare-db/logger v0.0.0-20240612181343-5f58a66dac43/go.mod h1:aTHbvtZhjVN1B4NYc2BTrnzWnS5G1V8wkI92QafBGBs=
github.com/go-while/nodare-db/logger v0.0.0-20240612181701-7c62d99ef832 h1:GL/jXl9hiec2JGAUBye5Ftns8/xFXlpURE2OaI9fXTk=
github.com/go-while/nodare-db/logger v0.0.0-20240612181701-7c62d99ef832/go.mod h1:aTHbvtZhjVN1B4NYc2BTrnzWnS5G1V8wkI92QafBGBs=
github.com/go-while/nodare-db/logger v0.0.0-20240612182119-0b82f01f15da h1:2sg8vGrEukTDWUP69RU8JqrahDUNesM++KcyGMkftLg=
github.com/go-while/nodare-db/logger v0.0.0-20240612182119-0b82f01f15da/go.mod h1:aTHbvtZhjVN1B4NYc2BTrnzWnS5G1V8wkI92QafBGBs=
github.com/go-while/nodare-db/logger v0.0.0-20240612182351-be3fe3cce69c h1:Evn1vPNQCp9a+/pnAuDzv9mkTSUuCn8rlt5eoiUZaE8=
github.com/go-while/nodare-db/logger v0.0.0-20240612182351-be3fe3cce69c/go.mod h1:aTHbvtZhjVN1B4NYc2BTrnzWnS5G1V8wkI92QafBGBs=
github.com/go-while/nodare-db/logger v0.0.0-20240612182604-47105a3bf8bd h1:mShbSp4I5sAGGuSHacoIXSSwb6BUB0Esn9d41Ii8uzg=
github.com/go-while/nodare-db/logger v0.0.0-20240612182604-47105a3bf8bd/go.mod h1:aTHbvtZhjVN1B4NYc2BTrnzWnS5G1V8wkI92QafBGBs=
github.com/go-while/nodare-db/logger v0.0.0-20240612182731-4a39bbe041c2 h1:lM6QhSnD5MSB37Z8FY2Wc1E0dulJytRYh0gqM/5Incc=
github.com/go-while/nodare-db/logger v0.0.0-20240612182731-4a39bbe041c2/go.mod h1:aTHbvtZhjVN1B4NYc2BTrnzWnS5G1V8wkI92QafBGBs=
github.com/go-while/nodare-db/logger v0.0.0-20240612182832-3cca9be0b936 h1:pnDl+yfXtvSXbNID+M0SJ4MKe9sizmug2ABy98xWrSg=
github.com/go-while/nodare-db/logger v0.0.0-20240612182832-3cca9be0b936/go.mod h1:aTHbvtZhjVN1B4NYc2BTrnzWnS5G1V8wkI92QafBGBs=
github.com/go-while/nodare-db/logger v0.0.0-20240612182951-c5ebd55c041b h1:J8LN9L4KjSInz+1FsE5LPpwD/IEv+PSG5Mz2dSiIywY=
github.com/go-while/nodare-db/logger v0.0.0-20240612182951-c5ebd55c041b/go.mod h1:aTHbvtZhjVN1B4NYc2BTrnzWnS5G1V8wkI92QafBGBs=
github.com/go-while/nodare-db/logger v0.0.0-20240612184026-0b4af0596ce8 h1:09u0dPaJRMUIrvMgJkc3u8xyj5N0kiuzpeKZi7j6C0g=
github.com/go-while/nodare-db/logger v0.0.0-20240612184026-0b4af0596ce8/go.mod h1:aTHbvtZhjVN1B4NYc2BTrnzWnS5G1V8wkI92QafBGBs=
github.com/go-while/nodare-db/logger v0.0.0-20240612184109-4ae2475aba0c h1:LVRQjifLookJU2XAhw5/AJVRXeM6FxwBt8rajTcOPd4=
github.com/go-while/nodare-db/logger v0.0.0-20240612184109-4ae2475aba0c/go.mod h1:aTHbvtZhjVN1B4NYc2BTrnzWnS5G1V8wkI92QafBGBs=
github.com/go-while/nodare-db/logger v0.0.0-20240612184221-df299ba5d06d h1:ekTX4w8lCgz2yqWpbAFNzDhdH1Qu3Hid4++Im0jKjcc=
github.com/go-while/nodare-db/logger v0.0.0-20240612184221-df299ba5d06d/go.mod h1:aTHbvtZhjVN1B4NYc2BTrnzWnS5G1V8wkI92QafBGBs=
github.com/go-while/nodare-db/logger v0.0.0-20240612184428-2bca2cda8dca h1:pudCy3P2CT4G9A7ofbVah8P0Gc23nud+2kRmit440tg=
github.com/go-while/nodare-db/logger v0.0.0-20240612184428-2bca2cda8dca/go.mod h1:aTHbvtZhjVN1B4NYc2BTrnzWnS5G1V8wkI92QafBGBs=
github.com/go-while/nodare-db/logger v0.0.0-20240612190007-3238b5f36f00 h1:K5A2y3xr2lEQD50zJX2kEb5HLX0xlV0bKAaXqVXXN+c=
github.com/go-while/nodare-db/logger v0.0.0-20240612190007-3238b5f36f00/go.mod h1:aTHbvtZhjVN1B4NYc2BTrnzWnS5G1V8wkI92QafBGBs=
github.com/go-while/nodare-db/logger v0.0.0-20240612190218-2e265513abf5 h1:gcRxpIJ5ef5EJjTenRZXUgWQCDw0xIHXYR56rRtZlkA=
github.com/go-while/nodare-db/logger v0.0.0-20240612190218-2e265513abf5/go.mod h1:aTHbvtZhjVN1B4NYc2BTrnzWnS5G1V8wkI92QafBGBs=
github.com/go-while/nodare-db/logger v0.0.0-20240612191213-567111642961 h1:wVpUH1M5fatbbn7IlHBDCsOOmZIGdsrxsSM6h2EXNJc=
github.com/go-while/nodare-db/logger v0.0.0-20240612191213-567111642961/go.mod h1:aTHbvtZhjVN1B4NYc2BTrnzWnS5G1V8wkI92QafBGBs=
github.com/go-while/nodare-db/logger v0.0.0-20240612191356-169d79ad4ea5 h1:gNAXcvboN1Ib9js+6fvJOYGueHdNRcnIC9G4sHYQHmk=
github.com/go-while/nodare-db/logger v0.0.0-20240612191356-169d79ad4ea5/go.mod h1:aTHbvtZhjVN1B4NYc2BTrnzWnS5G1V8wkI92QafBGBs=
github.com/go-while/nodare-db/logger v0.0.0-20240612192702-08a87a9053ac h1:0c+i4SEM7vFgb59GN9ffLGDiVmQcFzahvwnd2TMHWkk=
github.com/go-while/nodare-db/logger v0.0.0-20240612192702-08a87a9053ac/go.mod h1:aTHbvtZhjVN1B4NYc2BTrnzWnS5G1V8wkI92QafBGBs=
github.com/go-while/nodare-db/logger v0.0.0-20240612192735-0c17a2e5b931 h1:H+LBI4cuI2ilhuVLlowv3AUJ5G2ECh2iO93ubrAc+Fk=
github.com/go-while/nodare-db/logger v0.0.0-20240612192735-0c17a2e5b931/go.mod h1:aTHbvtZhjVN1B4NYc2BTrnzWnS5G1V8wkI92QafBGBs=
github.com/go-while/nodare-db/logger v0.0.0-20240612201230-44fbbd523cbd h1:CbOWU9MdsVEcPzjpz5pSaimFnjto59ZXJYAfKsVTWSA=
github.com/go-while/nodare-db/logger v0.0.0-20240612201230-44fbbd523cbd/go.mod h1:aTHbvtZhjVN1B4NYc2BTrnzWnS5G1V8wkI92QafBGBs=
